<Solution>
  <Folder Name="/.github/">
    <File Path=".github/renovate.json" />
  </Folder>
  <Folder Name="/.github/workflows/">
    <File Path=".github/workflows/build-and-test.yml" />
    <File Path=".github/workflows/codeql.yml" />
    <File Path=".github/workflows/publish-package.yml" />
  </Folder>
  <Folder Name="/src/">
    <Project Path="src/Soenneker.ServiceBus.Receptors.MsTeams/Soenneker.ServiceBus.Receptors.MsTeams.csproj" />
  </Folder>
  <Folder Name="/test/">
    <Project Path="test/Soenneker.ServiceBus.Receptors.MsTeams.Tests/Soenneker.ServiceBus.Receptors.MsTeams.Tests.csproj" />
  </Folder>
</Solution>